{
  "name": "videojsDAI",
  "version": "1.0.0",
  "lockfileVersion": 1,
  "requires": true,
  "dependencies": {
    "aes-decrypter": {
      "version": "1.0.3",
      "resolved": "https://registry.npmjs.org/aes-decrypter/-/aes-decrypter-1.0.3.tgz",
      "integrity": "sha1-nAa4pUNaWtCduTP4oBSvzxhMw04=",
      "requires": {
        "pkcs7": "0.2.3"
      }
    },
    "babel-runtime": {
      "version": "6.26.0",
      "resolved": "https://registry.npmjs.org/babel-runtime/-/babel-runtime-6.26.0.tgz",
      "integrity": "sha1-llxwWGaOgrVde/4E/yM3vItWR/4=",
      "requires": {
        "core-js": "2.5.1",
        "regenerator-runtime": "0.11.0"
      }
    },
    "browserify-versionify": {
      "version": "1.0.6",
      "resolved": "https://registry.npmjs.org/browserify-versionify/-/browserify-versionify-1.0.6.tgz",
      "integrity": "sha1-qy3GHWoRnmJ77Eh1mNGYO3/bJ14=",
      "requires": {
        "find-root": "0.1.2",
        "through2": "0.6.3"
      }
    },
    "core-js": {
      "version": "2.5.1",
      "resolved": "https://registry.npmjs.org/core-js/-/core-js-2.5.1.tgz",
      "integrity": "sha1-rmh03GaTd4m4B1T/VCjfZoGcpQs="
    },
    "core-util-is": {
      "version": "1.0.2",
      "resolved": "https://registry.npmjs.org/core-util-is/-/core-util-is-1.0.2.tgz",
      "integrity": "sha1-tf1UIgqivFq1eqtxQMlAdUUDwac="
    },
    "dom-walk": {
      "version": "0.1.1",
      "resolved": "https://registry.npmjs.org/dom-walk/-/dom-walk-0.1.1.tgz",
      "integrity": "sha1-ZyIm3HTI95mtNTB9+TaroRrNYBg="
    },
    "es5-shim": {
      "version": "4.5.9",
      "resolved": "https://registry.npmjs.org/es5-shim/-/es5-shim-4.5.9.tgz",
      "integrity": "sha1-Kh4rnlg/9f7Qwgo+4svz91IwpcA="
    },
    "find-root": {
      "version": "0.1.2",
      "resolved": "https://registry.npmjs.org/find-root/-/find-root-0.1.2.tgz",
      "integrity": "sha1-mNImfP8ZFsyvJ0OzoO6oHXnX3NE="
    },
    "for-each": {
      "version": "0.3.2",
      "resolved": "https://registry.npmjs.org/for-each/-/for-each-0.3.2.tgz",
      "integrity": "sha1-LEBFC5NI6X8oEyJZO6lnBLmr1NQ=",
      "requires": {
        "is-function": "1.0.1"
      }
    },
    "global": {
      "version": "4.3.2",
      "resolved": "https://registry.npmjs.org/global/-/global-4.3.2.tgz",
      "integrity": "sha1-52mJJopsdMOJCLEwWxD8DjlOnQ8=",
      "requires": {
        "min-document": "2.19.0",
        "process": "0.5.2"
      }
    },
    "individual": {
      "version": "2.0.0",
      "resolved": "https://registry.npmjs.org/individual/-/individual-2.0.0.tgz",
      "integrity": "sha1-gzsJfa0jKU52EXqY+zjg2a1hu5c="
    },
    "inherits": {
      "version": "2.0.3",
      "resolved": "https://registry.npmjs.org/inherits/-/inherits-2.0.3.tgz",
      "integrity": "sha1-Yzwsg+PaQqUC9SRmAiSA9CCCYd4="
    },
    "is-function": {
      "version": "1.0.1",
      "resolved": "https://registry.npmjs.org/is-function/-/is-function-1.0.1.tgz",
      "integrity": "sha1-Es+5i2W1fdPRk6MSH19uL0N2ArU="
    },
    "isarray": {
      "version": "0.0.1",
      "resolved": "https://registry.npmjs.org/isarray/-/isarray-0.0.1.tgz",
      "integrity": "sha1-ihis/Kmo9Bd+Cav8YDiTmwXR7t8="
    },
    "m3u8-parser": {
      "version": "2.1.0",
      "resolved": "https://registry.npmjs.org/m3u8-parser/-/m3u8-parser-2.1.0.tgz",
      "integrity": "sha1-yBcDKewc1RXQ1Yu4t2LamJbLA2g="
    },
    "min-document": {
      "version": "2.19.0",
      "resolved": "https://registry.npmjs.org/min-document/-/min-document-2.19.0.tgz",
      "integrity": "sha1-e9KC4/WELtKVu3SM3Z8f+iyCRoU=",
      "requires": {
        "dom-walk": "0.1.1"
      }
    },
    "mux.js": {
      "version": "4.3.2",
      "resolved": "https://registry.npmjs.org/mux.js/-/mux.js-4.3.2.tgz",
      "integrity": "sha512-g0q6DPdvb3yYcoK7ElBGobdSSrhY/RjPt19U7uUc733aqvc5bCS/aCvL9z+448y+IoCZnYDwyZfQBBXMSmGOaQ=="
    },
    "parse-headers": {
      "version": "2.0.1",
      "resolved": "https://registry.npmjs.org/parse-headers/-/parse-headers-2.0.1.tgz",
      "integrity": "sha1-aug6eqJanZtwCswoaYzR8e1+lTY=",
      "requires": {
        "for-each": "0.3.2",
        "trim": "0.0.1"
      }
    },
    "pkcs7": {
      "version": "0.2.3",
      "resolved": "https://registry.npmjs.org/pkcs7/-/pkcs7-0.2.3.tgz",
      "integrity": "sha1-ItYGZtAQZcXyRDkJjkpIMEUic74="
    },
    "process": {
      "version": "0.5.2",
      "resolved": "https://registry.npmjs.org/process/-/process-0.5.2.tgz",
      "integrity": "sha1-FjjYqONML0QKkduVq5rrZ3/Bhc8="
    },
    "readable-stream": {
      "version": "1.0.34",
      "resolved": "https://registry.npmjs.org/readable-stream/-/readable-stream-1.0.34.tgz",
      "integrity": "sha1-Elgg40vIQtLyqq+v5MKRbuMsFXw=",
      "requires": {
        "core-util-is": "1.0.2",
        "inherits": "2.0.3",
        "isarray": "0.0.1",
        "string_decoder": "0.10.31"
      }
    },
    "regenerator-runtime": {
      "version": "0.11.0",
      "resolved": "https://registry.npmjs.org/regenerator-runtime/-/regenerator-runtime-0.11.0.tgz",
      "integrity": "sha512-/aA0kLeRb5N9K0d4fw7ooEbI+xDe+DKD499EQqygGqeS8N3xto15p09uY2xj7ixP81sNPXvRLnAQIqdVStgb1A=="
    },
    "rust-result": {
      "version": "1.0.0",
      "resolved": "https://registry.npmjs.org/rust-result/-/rust-result-1.0.0.tgz",
      "integrity": "sha1-NMdbLm3Dn+WHXlveyFteD5FTb3I=",
      "requires": {
        "individual": "2.0.0"
      }
    },
    "safe-json-parse": {
      "version": "4.0.0",
      "resolved": "https://registry.npmjs.org/safe-json-parse/-/safe-json-parse-4.0.0.tgz",
      "integrity": "sha1-fA9XjPzNEtM6ccDgVBPi7KFx6qw=",
      "requires": {
        "rust-result": "1.0.0"
      }
    },
    "string_decoder": {
      "version": "0.10.31",
      "resolved": "https://registry.npmjs.org/string_decoder/-/string_decoder-0.10.31.tgz",
      "integrity": "sha1-YuIDvEF2bGwoyfyEMB2rHFMQ+pQ="
    },
    "through2": {
      "version": "0.6.3",
      "resolved": "https://registry.npmjs.org/through2/-/through2-0.6.3.tgz",
      "integrity": "sha1-eVKS/enyVMKjaLOPnMXRvUZjr7Y=",
      "requires": {
        "readable-stream": "1.0.34",
        "xtend": "4.0.1"
      }
    },
    "trim": {
      "version": "0.0.1",
      "resolved": "https://registry.npmjs.org/trim/-/trim-0.0.1.tgz",
      "integrity": "sha1-WFhUf2spB1fulczMZm+1AITEYN0="
    },
    "tsml": {
      "version": "1.0.1",
      "resolved": "https://registry.npmjs.org/tsml/-/tsml-1.0.1.tgz",
      "integrity": "sha1-ifghi52eJX9H1/a1bQHFpNLGj8M="
    },
    "url-toolkit": {
      "version": "1.0.9",
      "resolved": "https://registry.npmjs.org/url-toolkit/-/url-toolkit-1.0.9.tgz",
      "integrity": "sha1-ZkfIT5McVOHmH6OzPhCtNBYe1Nk="
    },
    "video.js": {
      "version": "6.5.0",
      "resolved": "https://registry.npmjs.org/video.js/-/video.js-6.5.0.tgz",
      "integrity": "sha1-QHzp3JxfUG1nEM0it9L3BrOs0nU=",
      "requires": {
        "babel-runtime": "6.26.0",
        "global": "4.3.2",
        "safe-json-parse": "4.0.0",
        "tsml": "1.0.1",
        "videojs-font": "2.0.0",
        "videojs-ie8": "1.1.2",
        "videojs-vtt.js": "0.12.4",
        "xhr": "2.4.0"
      }
    },
    "videojs-contrib-ads": {
      "version": "5.0.3",
      "resolved": "https://registry.npmjs.org/videojs-contrib-ads/-/videojs-contrib-ads-5.0.3.tgz",
      "integrity": "sha1-RBi8/o0L27BpI/uGgHnaZI35srg=",
      "requires": {
        "browserify-versionify": "1.0.6",
        "video.js": "5.20.4"
      },
      "dependencies": {
        "global": {
          "version": "4.3.0",
          "resolved": "https://registry.npmjs.org/global/-/global-4.3.0.tgz",
          "integrity": "sha1-737EvurVebRU9evV5/MD21T0Kis=",
          "requires": {
            "min-document": "2.19.0",
            "process": "0.5.2"
          }
        },
        "video.js": {
          "version": "5.20.4",
          "resolved": "https://registry.npmjs.org/video.js/-/video.js-5.20.4.tgz",
          "integrity": "sha512-DkwZcYDN5+qNp3c1y+9N6cQ3XSoFin1dEsEstIRGmALtmh71M8JIPage0S/AC5HzCc7QdUBeeTYHLKZectB2TA==",
          "requires": {
            "babel-runtime": "6.26.0",
            "global": "4.3.0",
            "safe-json-parse": "4.0.0",
            "tsml": "1.0.1",
            "videojs-font": "2.0.0",
            "videojs-ie8": "1.1.2",
            "videojs-swf": "5.4.1",
            "videojs-vtt.js": "0.12.4",
            "xhr": "2.2.2"
          }
        },
        "xhr": {
          "version": "2.2.2",
          "resolved": "https://registry.npmjs.org/xhr/-/xhr-2.2.2.tgz",
          "integrity": "sha1-LuclcYafhobUFVmp6ihsGJcUNf8=",
          "requires": {
            "global": "4.3.0",
            "is-function": "1.0.1",
            "parse-headers": "2.0.1",
            "xtend": "4.0.1"
          }
        }
      }
    },
    "videojs-contrib-hls": {
      "version": "5.12.2",
      "resolved": "https://registry.npmjs.org/videojs-contrib-hls/-/videojs-contrib-hls-5.12.2.tgz",
      "integrity": "sha512-rUz+NXfYumNwyNtSvmba0tibZCpddfRrkgkuxv8jLu0tKjWUudClBfXrqB+rEr0WX9Wu1LOstEandE3fXVZ5jw==",
      "requires": {
        "aes-decrypter": "1.0.3",
        "global": "4.3.2",
        "m3u8-parser": "2.1.0",
        "mux.js": "4.3.2",
        "url-toolkit": "1.0.9",
        "video.js": "6.5.0",
        "videojs-contrib-media-sources": "4.6.2",
        "webworkify": "1.0.2"
      }
    },
    "videojs-contrib-media-sources": {
      "version": "4.6.2",
      "resolved": "https://registry.npmjs.org/videojs-contrib-media-sources/-/videojs-contrib-media-sources-4.6.2.tgz",
      "integrity": "sha512-DSfAK0s4wB+lYD6w59bwalchdWzlUm7fbn+tGuzfZ4YZtTjIIkEnymyjhsLoeEnjNjAuG/p7Ri/6xeoaMhme9Q==",
      "requires": {
        "global": "4.3.2",
        "mux.js": "4.3.2",
        "video.js": "5.20.4",
        "webworkify": "1.0.2"
      },
      "dependencies": {
        "video.js": {
          "version": "5.20.4",
          "resolved": "https://registry.npmjs.org/video.js/-/video.js-5.20.4.tgz",
          "integrity": "sha512-DkwZcYDN5+qNp3c1y+9N6cQ3XSoFin1dEsEstIRGmALtmh71M8JIPage0S/AC5HzCc7QdUBeeTYHLKZectB2TA==",
          "requires": {
            "babel-runtime": "6.26.0",
            "global": "4.3.0",
            "safe-json-parse": "4.0.0",
            "tsml": "1.0.1",
            "videojs-font": "2.0.0",
            "videojs-ie8": "1.1.2",
            "videojs-swf": "5.4.1",
            "videojs-vtt.js": "0.12.4",
            "xhr": "2.2.2"
          },
          "dependencies": {
            "global": {
              "version": "4.3.0",
              "resolved": "https://registry.npmjs.org/global/-/global-4.3.0.tgz",
              "integrity": "sha1-737EvurVebRU9evV5/MD21T0Kis=",
              "requires": {
                "min-document": "2.19.0",
                "process": "0.5.2"
              }
            }
          }
        },
        "xhr": {
          "version": "2.2.2",
          "resolved": "https://registry.npmjs.org/xhr/-/xhr-2.2.2.tgz",
          "integrity": "sha1-LuclcYafhobUFVmp6ihsGJcUNf8=",
          "requires": {
            "global": "4.3.2",
            "is-function": "1.0.1",
            "parse-headers": "2.0.1",
            "xtend": "4.0.1"
          }
        }
      }
    },
    "videojs-font": {
      "version": "2.0.0",
      "resolved": "https://registry.npmjs.org/videojs-font/-/videojs-font-2.0.0.tgz",
      "integrity": "sha1-r3Rh751LleAzS/+3iy8v8DZKkDQ="
    },
    "videojs-ie8": {
      "version": "1.1.2",
      "resolved": "https://registry.npmjs.org/videojs-ie8/-/videojs-ie8-1.1.2.tgz",
      "integrity": "sha1-oj09hgitcZK2nGB3/E64SJmNNdk=",
      "requires": {
        "es5-shim": "4.5.9"
      }
    },
    "videojs-ima": {
      "version": "0.8.0",
      "resolved": "https://registry.npmjs.org/videojs-ima/-/videojs-ima-0.8.0.tgz",
      "integrity": "sha512-+KmwYleRKS9J2seHLUpEJXL0vLGCbqNZOx4/pfZ2VZOSBKEOr4ZXdb5UivIM7zfXHtyFykkHixcAnPIJEC61/Q==",
      "requires": {
        "videojs-contrib-ads": "5.0.3"
      }
    },
    "videojs-swf": {
      "version": "5.4.1",
      "resolved": "https://registry.npmjs.org/videojs-swf/-/videojs-swf-5.4.1.tgz",
      "integrity": "sha1-IHfvccdJ8seCPvSbq65N0qywj4c="
    },
    "videojs-vtt.js": {
      "version": "0.12.4",
      "resolved": "https://registry.npmjs.org/videojs-vtt.js/-/videojs-vtt.js-0.12.4.tgz",
      "integrity": "sha1-OPJJnjHvs/qTWQ3a1MtmMnWksWE=",
      "requires": {
        "global": "4.3.2"
      }
    },
    "webworkify": {
      "version": "1.0.2",
      "resolved": "https://registry.npmjs.org/webworkify/-/webworkify-1.0.2.tgz",
      "integrity": "sha1-thapWmIlJJvyWpHpbglCxmUVWZU="
    },
    "xhr": {
      "version": "2.4.0",
      "resolved": "https://registry.npmjs.org/xhr/-/xhr-2.4.0.tgz",
      "integrity": "sha1-4W5mpF+GmGHu76tBbV7/ci3ECZM=",
      "requires": {
        "global": "4.3.2",
        "is-function": "1.0.1",
        "parse-headers": "2.0.1",
        "xtend": "4.0.1"
      }
    },
    "xtend": {
      "version": "4.0.1",
      "resolved": "https://registry.npmjs.org/xtend/-/xtend-4.0.1.tgz",
      "integrity": "sha1-pcbVMr5lbiPbgg77lDofBJmNY68="
    }
  }
}
